
Microsoft Visual Studio Solution File, Format Version 12.00
# Visual Studio Version 17
VisualStudioVersion = 17.0.31919.166
MinimumVisualStudioVersion = 10.0.40219.1
Project("{FAE04EC0-301F-11D3-BF4B-00C04F79EFBC}") = "TaskManagement", "TaskManagement\TaskManagement.csproj", "{064D8168-B5C7-4B03-A66B-D04430CC8019}"
EndProject
Global
	GlobalSection(SolutionConfigurationPlatforms) = preSolution
		Debug|Any CPU = Debug|Any CPU
		Release|Any CPU = Release|Any CPU
	EndGlobalSection
	GlobalSection(ProjectConfigurationPlatforms) = postSolution
		{064D8168-B5C7-4B03-A66B-D04430CC8019}.Debug|Any CPU.ActiveCfg = Debug|Any CPU
		{064D8168-B5C7-4B03-A66B-D04430CC8019}.Debug|Any CPU.Build.0 = Debug|Any CPU
		{064D8168-B5C7-4B03-A66B-D04430CC8019}.Release|Any CPU.ActiveCfg = Release|Any CPU
		{064D8168-B5C7-4B03-A66B-D04430CC8019}.Release|Any CPU.Build.0 = Release|Any CPU
	EndGlobalSection
	GlobalSection(SolutionProperties) = preSolution
		HideSolutionNode = FALSE
	EndGlobalSection
	GlobalSection(ExtensibilityGlobals) = postSolution
		SolutionGuid = {C4FB9186-711E-4964-8F19-2D38043C62EA}
	EndGlobalSection
EndGlobal
